Microsoft Visual Studio Solution File, Format Version 12.00
# Visual Studio Version 17
VisualStudioVersion = 17.5.2.0
MinimumVisualStudioVersion = 10.0.40219.1
Project("{FAE04EC0-301F-11D3-BF4B-00C04F79EFBC}") = "Desconto", "Desconto.csproj", "{8D2D82AA-0661-B7AE-3EAE-AF379758F47E}"
EndProject
Global
	GlobalSection(SolutionConfigurationPlatforms) = preSolution
		Debug|Any CPU = Debug|Any CPU
		Release|Any CPU = Release|Any CPU
	EndGlobalSection
	GlobalSection(ProjectConfigurationPlatforms) = postSolution
		{8D2D82AA-0661-B7AE-3EAE-AF379758F47E}.Debug|Any CPU.ActiveCfg = Debug|Any CPU
		{8D2D82AA-0661-B7AE-3EAE-AF379758F47E}.Debug|Any CPU.Build.0 = Debug|Any CPU
		{8D2D82AA-0661-B7AE-3EAE-AF379758F47E}.Release|Any CPU.ActiveCfg = Release|Any CPU
		{8D2D82AA-0661-B7AE-3EAE-AF379758F47E}.Release|Any CPU.Build.0 = Release|Any CPU
	EndGlobalSection
	GlobalSection(SolutionProperties) = preSolution
		HideSolutionNode = FALSE
	EndGlobalSection
	GlobalSection(ExtensibilityGlobals) = postSolution
		SolutionGuid = {BE395D72-9FA1-481B-A677-33C65F385A9C}
	EndGlobalSection
EndGlobal
