Microsoft Visual Studio Solution File, Format Version 12.00
# Visual Studio Version 17
VisualStudioVersion = 17.5.2.0
MinimumVisualStudioVersion = 10.0.40219.1
Project("{FAE04EC0-301F-11D3-BF4B-00C04F79EFBC}") = "Origem", "Origem.csproj", "{F1340744-6AFD-AECE-65EC-867C2B0F6FFE}"
EndProject
Global
	GlobalSection(SolutionConfigurationPlatforms) = preSolution
		Debug|Any CPU = Debug|Any CPU
		Release|Any CPU = Release|Any CPU
	EndGlobalSection
	GlobalSection(ProjectConfigurationPlatforms) = postSolution
		{F1340744-6AFD-AECE-65EC-867C2B0F6FFE}.Debug|Any CPU.ActiveCfg = Debug|Any CPU
		{F1340744-6AFD-AECE-65EC-867C2B0F6FFE}.Debug|Any CPU.Build.0 = Debug|Any CPU
		{F1340744-6AFD-AECE-65EC-867C2B0F6FFE}.Release|Any CPU.ActiveCfg = Release|Any CPU
		{F1340744-6AFD-AECE-65EC-867C2B0F6FFE}.Release|Any CPU.Build.0 = Release|Any CPU
	EndGlobalSection
	GlobalSection(SolutionProperties) = preSolution
		HideSolutionNode = FALSE
	EndGlobalSection
	GlobalSection(ExtensibilityGlobals) = postSolution
		SolutionGuid = {1DF959D5-DECD-499C-B01B-A31A3A08245A}
	EndGlobalSection
EndGlobal
