Microsoft Visual Studio Solution File, Format Version 12.00
# Visual Studio Version 17
VisualStudioVersion = 17.5.2.0
MinimumVisualStudioVersion = 10.0.40219.1
Project("{FAE04EC0-301F-11D3-BF4B-00C04F79EFBC}") = "IdadeNadador", "IdadeNadador.csproj", "{F69DB66E-8F75-FD12-FEE4-135614F80481}"
EndProject
Global
	GlobalSection(SolutionConfigurationPlatforms) = preSolution
		Debug|Any CPU = Debug|Any CPU
		Release|Any CPU = Release|Any CPU
	EndGlobalSection
	GlobalSection(ProjectConfigurationPlatforms) = postSolution
		{F69DB66E-8F75-FD12-FEE4-135614F80481}.Debug|Any CPU.ActiveCfg = Debug|Any CPU
		{F69DB66E-8F75-FD12-FEE4-135614F80481}.Debug|Any CPU.Build.0 = Debug|Any CPU
		{F69DB66E-8F75-FD12-FEE4-135614F80481}.Release|Any CPU.ActiveCfg = Release|Any CPU
		{F69DB66E-8F75-FD12-FEE4-135614F80481}.Release|Any CPU.Build.0 = Release|Any CPU
	EndGlobalSection
	GlobalSection(SolutionProperties) = preSolution
		HideSolutionNode = FALSE
	EndGlobalSection
	GlobalSection(ExtensibilityGlobals) = postSolution
		SolutionGuid = {B4C91E83-DEB3-4099-B76E-46C704502F7D}
	EndGlobalSection
EndGlobal
